
Microsoft Visual Studio Solution File, Format Version 12.00
# Visual Studio 15
VisualStudioVersion = 15.0.28010.2048
MinimumVisualStudioVersion = 10.0.40219.1
Project("{FAE04EC0-301F-11D3-BF4B-00C04F79EFBC}") = "MiniTC", "MiniTC\MiniTC.csproj", "{19D88678-63BA-4BD1-BCA8-F3164476F92B}"
EndProject
Global
	GlobalSection(SolutionConfigurationPlatforms) = preSolution
		Debug|Any CPU = Debug|Any CPU
		Release|Any CPU = Release|Any CPU
	EndGlobalSection
	GlobalSection(ProjectConfigurationPlatforms) = postSolution
		{19D88678-63BA-4BD1-BCA8-F3164476F92B}.Debug|Any CPU.ActiveCfg = Debug|Any CPU
		{19D88678-63BA-4BD1-BCA8-F3164476F92B}.Debug|Any CPU.Build.0 = Debug|Any CPU
		{19D88678-63BA-4BD1-BCA8-F3164476F92B}.Release|Any CPU.ActiveCfg = Release|Any CPU
		{19D88678-63BA-4BD1-BCA8-F3164476F92B}.Release|Any CPU.Build.0 = Release|Any CPU
	EndGlobalSection
	GlobalSection(SolutionProperties) = preSolution
		HideSolutionNode = FALSE
	EndGlobalSection
	GlobalSection(ExtensibilityGlobals) = postSolution
		SolutionGuid = {E12AA067-0601-44DE-9D40-C08F6B7BC117}
	EndGlobalSection
EndGlobal
